
Microsoft Visual Studio Solution File, Format Version 12.00
# Visual Studio Version 17
VisualStudioVersion = 17.0.31903.59
MinimumVisualStudioVersion = 10.0.40219.1
Project("{9A19103F-16F7-4668-BE54-9A1E7A4F7556}") = "Tests", "Tests\Tests.csproj", "{57BCA5E5-42CC-4A4B-988A-A11E85B4D480}"
EndProject
Project("{FAE04EC0-301F-11D3-BF4B-00C04F79EFBC}") = "MauiTestApp", "MauiTestApp\MauiTestApp.csproj", "{E0C27BA7-6C0A-49EB-9F1A-6E33AAAD4391}"
EndProject
Global
	GlobalSection(SolutionConfigurationPlatforms) = preSolution
		Debug|Any CPU = Debug|Any CPU
		Release|Any CPU = Release|Any CPU
	EndGlobalSection
	GlobalSection(ProjectConfigurationPlatforms) = postSolution
		{57BCA5E5-42CC-4A4B-988A-A11E85B4D480}.Debug|Any CPU.ActiveCfg = Debug|Any CPU
		{57BCA5E5-42CC-4A4B-988A-A11E85B4D480}.Debug|Any CPU.Build.0 = Debug|Any CPU
		{57BCA5E5-42CC-4A4B-988A-A11E85B4D480}.Release|Any CPU.ActiveCfg = Release|Any CPU
		{57BCA5E5-42CC-4A4B-988A-A11E85B4D480}.Release|Any CPU.Build.0 = Release|Any CPU
		{E0C27BA7-6C0A-49EB-9F1A-6E33AAAD4391}.Debug|Any CPU.ActiveCfg = Debug|Any CPU
		{E0C27BA7-6C0A-49EB-9F1A-6E33AAAD4391}.Debug|Any CPU.Build.0 = Debug|Any CPU
		{E0C27BA7-6C0A-49EB-9F1A-6E33AAAD4391}.Debug|Any CPU.Deploy.0 = Debug|Any CPU
		{E0C27BA7-6C0A-49EB-9F1A-6E33AAAD4391}.Release|Any CPU.ActiveCfg = Release|Any CPU
		{E0C27BA7-6C0A-49EB-9F1A-6E33AAAD4391}.Release|Any CPU.Build.0 = Release|Any CPU
		{E0C27BA7-6C0A-49EB-9F1A-6E33AAAD4391}.Release|Any CPU.Deploy.0 = Release|Any CPU
	EndGlobalSection
	GlobalSection(SolutionProperties) = preSolution
		HideSolutionNode = FALSE
	EndGlobalSection
	GlobalSection(ExtensibilityGlobals) = postSolution
		SolutionGuid = {E289D705-5785-4A48-B6BA-4BE7F9D7F86A}
	EndGlobalSection
EndGlobal
